
Microsoft Visual Studio Solution File, Format Version 12.00
# Visual Studio Version 17
VisualStudioVersion = 17.7.34202.233
MinimumVisualStudioVersion = 10.0.40219.1
Project("{FAE04EC0-301F-11D3-BF4B-00C04F79EFBC}") = "Converter", "Converter\Converter.csproj", "{72903BBC-53BC-4A9F-97D1-24381F6A681B}"
EndProject
Global
	GlobalSection(SolutionConfigurationPlatforms) = preSolution
		Debug|Any CPU = Debug|Any CPU
		Release|Any CPU = Release|Any CPU
	EndGlobalSection
	GlobalSection(ProjectConfigurationPlatforms) = postSolution
		{72903BBC-53BC-4A9F-97D1-24381F6A681B}.Debug|Any CPU.ActiveCfg = Debug|Any CPU
		{72903BBC-53BC-4A9F-97D1-24381F6A681B}.Debug|Any CPU.Build.0 = Debug|Any CPU
		{72903BBC-53BC-4A9F-97D1-24381F6A681B}.Release|Any CPU.ActiveCfg = Release|Any CPU
		{72903BBC-53BC-4A9F-97D1-24381F6A681B}.Release|Any CPU.Build.0 = Release|Any CPU
	EndGlobalSection
	GlobalSection(SolutionProperties) = preSolution
		HideSolutionNode = FALSE
	EndGlobalSection
	GlobalSection(ExtensibilityGlobals) = postSolution
		SolutionGuid = {A108D7A9-607A-4C2F-A4BD-41D51208DA24}
	EndGlobalSection
EndGlobal
